PODS:
  - SFRoundProgressCounterView (0.0.5):
    - TTTAttributedLabel (~> 1.7.1)
  - TTTAttributedLabel (1.7.5)

DEPENDENCIES:
  - SFRoundProgressCounterView (from `../`)

EXTERNAL SOURCES:
  SFRoundProgressCounterView:
    :path: ../

SPEC CHECKSUMS:
  SFRoundProgressCounterView: 96e97f53c6c67181ebce9c2a71c06be1bcd06001
  TTTAttributedLabel: 8a0d6aefe4a24b8b91899ee2a8a9b050e70de85d

COCOAPODS: 0.35.0
