PODS:
  - SFRoundProgressCounterView (0.0.1):
    - TTTAttributedLabel (~> 1.7.1)
  - TTTAttributedLabel (1.7.5)

DEPENDENCIES:
  - SFRoundProgressCounterView (from `../`)

EXTERNAL SOURCES:
  SFRoundProgressCounterView:
    :path: ../

SPEC CHECKSUMS:
  SFRoundProgressCounterView: 997c19356c4e9c198a6adf28a420f3ad10abdf8d
  TTTAttributedLabel: 1eb635d4d844cb7abce4d839faefca2a3409950d

COCOAPODS: 0.28.0
